
Microsoft Visual Studio Solution File, Format Version 12.00
# Visual Studio Version 16
VisualStudioVersion = 16.0.30225.117
MinimumVisualStudioVersion = 10.0.40219.1
Project("{FAE04EC0-301F-11D3-BF4B-00C04F79EFBC}") = "PinIndex.India", "PinIndex.India\PinIndex.India.csproj", "{41086DD5-E7AA-4B2D-AD37-8881AD780DC7}"
EndProject
Project("{2150E333-8FDC-42A3-9474-1A3956D46DE8}") = "Solution Items", "Solution Items", "{087AC350-279C-431B-82FC-BA6D88644D5E}"
	ProjectSection(SolutionItems) = preProject
		.editorconfig = .editorconfig
	EndProjectSection
EndProject
Global
	GlobalSection(SolutionConfigurationPlatforms) = preSolution
		Debug|Any CPU = Debug|Any CPU
		Release|Any CPU = Release|Any CPU
	EndGlobalSection
	GlobalSection(ProjectConfigurationPlatforms) = postSolution
		{41086DD5-E7AA-4B2D-AD37-8881AD780DC7}.Debug|Any CPU.ActiveCfg = Debug|Any CPU
		{41086DD5-E7AA-4B2D-AD37-8881AD780DC7}.Debug|Any CPU.Build.0 = Debug|Any CPU
		{41086DD5-E7AA-4B2D-AD37-8881AD780DC7}.Release|Any CPU.ActiveCfg = Release|Any CPU
		{41086DD5-E7AA-4B2D-AD37-8881AD780DC7}.Release|Any CPU.Build.0 = Release|Any CPU
	EndGlobalSection
	GlobalSection(SolutionProperties) = preSolution
		HideSolutionNode = FALSE
	EndGlobalSection
	GlobalSection(ExtensibilityGlobals) = postSolution
		SolutionGuid = {562FBFE2-42C0-4668-B94B-8CB2FCB08B21}
	EndGlobalSection
EndGlobal
